// !$*UTF8*$!
{
	archiveVersion = 1;
	classes = {
	};
	objectVersion = 55;
	objects = {

/* Begin PBXBuildFile section */
		2C2ED15651EB263BACBDBB34 /* Pods_TechMovie.framework in Frameworks */ = {isa = PBXBuildFile; fileRef = 1421FFEF2AFE4CFC2A8D65A2 /* Pods_TechMovie.framework */; };
		DF0C972B295895E900C73511 /* DetailViewController.swift in Sources */ = {isa = PBXBuildFile; fileRef = DF0C972A295895E900C73511 /* DetailViewController.swift */; };
		DF1F45732952362500A1AF35 /* PopularCollectionViewCell.swift in Sources */ = {isa = PBXBuildFile; fileRef = DF1F45712952362500A1AF35 /* PopularCollectionViewCell.swift */; };
		DF1F45742952362500A1AF35 /* PopularCollectionViewCell.xib in Resources */ = {isa = PBXBuildFile; fileRef = DF1F45722952362500A1AF35 /* PopularCollectionViewCell.xib */; };
		DF1F457929523A9300A1AF35 /* UpcomingCollectionViewCell.swift in Sources */ = {isa = PBXBuildFile; fileRef = DF1F457729523A9300A1AF35 /* UpcomingCollectionViewCell.swift */; };
		DF1F457A29523A9300A1AF35 /* UpcomingCollectionViewCell.xib in Resources */ = {isa = PBXBuildFile; fileRef = DF1F457829523A9300A1AF35 /* UpcomingCollectionViewCell.xib */; };
		DF1F45812952400E00A1AF35 /* TopRatedCollectionViewCell.swift in Sources */ = {isa = PBXBuildFile; fileRef = DF1F457F2952400E00A1AF35 /* TopRatedCollectionViewCell.swift */; };
		DF1F45822952400E00A1AF35 /* TopRatedCollectionViewCell.xib in Resources */ = {isa = PBXBuildFile; fileRef = DF1F45802952400E00A1AF35 /* TopRatedCollectionViewCell.xib */; };
		DF2573EC2966242200D14C9C /* Realm in Frameworks */ = {isa = PBXBuildFile; productRef = DF2573EB2966242200D14C9C /* Realm */; };
		DF2573EE2966242200D14C9C /* RealmSwift in Frameworks */ = {isa = PBXBuildFile; productRef = DF2573ED2966242200D14C9C /* RealmSwift */; };
		DF27ED65295A1CCB0025BC21 /* YoutubeSearchResponse.swift in Sources */ = {isa = PBXBuildFile; fileRef = DF27ED64295A1CCB0025BC21 /* YoutubeSearchResponse.swift */; };
		DF501EF929689CD100A81043 /* TabBarVC.swift in Sources */ = {isa = PBXBuildFile; fileRef = DF501EF829689CD100A81043 /* TabBarVC.swift */; };
		DF538EB0294F241F00B74E3A /* Service.swift in Sources */ = {isa = PBXBuildFile; fileRef = DF538EAF294F241F00B74E3A /* Service.swift */; };
		DF538EB2294F261300B74E3A /* NetworkError.swift in Sources */ = {isa = PBXBuildFile; fileRef = DF538EB1294F261300B74E3A /* NetworkError.swift */; };
		DF538EB4294F266F00B74E3A /* ApiConstant.swift in Sources */ = {isa = PBXBuildFile; fileRef = DF538EB3294F266F00B74E3A /* ApiConstant.swift */; };
		DF538EB6294F2C5C00B74E3A /* ServiceProtocol.swift in Sources */ = {isa = PBXBuildFile; fileRef = DF538EB5294F2C5C00B74E3A /* ServiceProtocol.swift */; };
		DF538EB9294F2D1A00B74E3A /* HomeViewModel.swift in Sources */ = {isa = PBXBuildFile; fileRef = DF538EB8294F2D1A00B74E3A /* HomeViewModel.swift */; };
		DF538EBC294F2E5A00B74E3A /* MovieModel.swift in Sources */ = {isa = PBXBuildFile; fileRef = DF538EBB294F2E5A00B74E3A /* MovieModel.swift */; };
		DF538EBE294F2F4400B74E3A /* HomeViewModelProtocol.swift in Sources */ = {isa = PBXBuildFile; fileRef = DF538EBD294F2F4400B74E3A /* HomeViewModelProtocol.swift */; };
		DF5EA30D295CB3710007CC59 /* CastModel.swift in Sources */ = {isa = PBXBuildFile; fileRef = DF5EA30C295CB3710007CC59 /* CastModel.swift */; };
		DF5EA311295CB5D40007CC59 /* CastCollectionViewCell.swift in Sources */ = {isa = PBXBuildFile; fileRef = DF5EA30F295CB5D40007CC59 /* CastCollectionViewCell.swift */; };
		DF5EA312295CB5D40007CC59 /* CastCollectionViewCell.xib in Resources */ = {isa = PBXBuildFile; fileRef = DF5EA310295CB5D40007CC59 /* CastCollectionViewCell.xib */; };
		DF7CCEFE295F535200B7AF0B /* RecommendationCollectionViewCell.swift in Sources */ = {isa = PBXBuildFile; fileRef = DF7CCEFC295F535200B7AF0B /* RecommendationCollectionViewCell.swift */; };
		DF7CCEFF295F535200B7AF0B /* RecommendationCollectionViewCell.xib in Resources */ = {isa = PBXBuildFile; fileRef = DF7CCEFD295F535200B7AF0B /* RecommendationCollectionViewCell.xib */; };
		DF80D5FC294E2D4100755D66 /* AppDelegate.swift in Sources */ = {isa = PBXBuildFile; fileRef = DF80D5FB294E2D4100755D66 /* AppDelegate.swift */; };
		DF80D5FE294E2D4100755D66 /* SceneDelegate.swift in Sources */ = {isa = PBXBuildFile; fileRef = DF80D5FD294E2D4100755D66 /* SceneDelegate.swift */; };
		DF80D600294E2D4100755D66 /* HomeViewController.swift in Sources */ = {isa = PBXBuildFile; fileRef = DF80D5FF294E2D4100755D66 /* HomeViewController.swift */; };
		DF80D603294E2D4100755D66 /* Main.storyboard in Resources */ = {isa = PBXBuildFile; fileRef = DF80D601294E2D4100755D66 /* Main.storyboard */; };
		DF80D605294E2D4200755D66 /* Assets.xcassets in Resources */ = {isa = PBXBuildFile; fileRef = DF80D604294E2D4200755D66 /* Assets.xcassets */; };
		DF80D608294E2D4200755D66 /* LaunchScreen.storyboard in Resources */ = {isa = PBXBuildFile; fileRef = DF80D606294E2D4200755D66 /* LaunchScreen.storyboard */; };
		DF80D617294E392400755D66 /* DiscoverCollectionViewCell.swift in Sources */ = {isa = PBXBuildFile; fileRef = DF80D615294E392400755D66 /* DiscoverCollectionViewCell.swift */; };
		DF80D618294E392400755D66 /* DiscoverCollectionViewCell.xib in Resources */ = {isa = PBXBuildFile; fileRef = DF80D616294E392400755D66 /* DiscoverCollectionViewCell.xib */; };
		DF849D4E2964990800451D57 /* FavouriteCollectionViewCell.swift in Sources */ = {isa = PBXBuildFile; fileRef = DF849D4C2964990800451D57 /* FavouriteCollectionViewCell.swift */; };
		DF849D4F2964990800451D57 /* FavouriteCollectionViewCell.xib in Resources */ = {isa = PBXBuildFile; fileRef = DF849D4D2964990800451D57 /* FavouriteCollectionViewCell.xib */; };
		DF8668982965EC950014CF5B /* ViewExtension.swift in Sources */ = {isa = PBXBuildFile; fileRef = DF8668972965EC950014CF5B /* ViewExtension.swift */; };
		DF9A346C2950D63A0053E24F /* TrendingCollectionViewCell.swift in Sources */ = {isa = PBXBuildFile; fileRef = DF9A346A2950D63A0053E24F /* TrendingCollectionViewCell.swift */; };
		DF9A346D2950D63A0053E24F /* TrendingCollectionViewCell.xib in Resources */ = {isa = PBXBuildFile; fileRef = DF9A346B2950D63A0053E24F /* TrendingCollectionViewCell.xib */; };
		DF9BAA1229634C7000C7584E /* RealmHelper.swift in Sources */ = {isa = PBXBuildFile; fileRef = DF9BAA1129634C7000C7584E /* RealmHelper.swift */; };
		DF9BAA1429634D1700C7584E /* RealmData.swift in Sources */ = {isa = PBXBuildFile; fileRef = DF9BAA1329634D1700C7584E /* RealmData.swift */; };
		DF9BAA17296376C700C7584E /* FavouriteViewController.swift in Sources */ = {isa = PBXBuildFile; fileRef = DF9BAA16296376C700C7584E /* FavouriteViewController.swift */; };
		DF9BAA1A296376FF00C7584E /* FavouriteViewModel.swift in Sources */ = {isa = PBXBuildFile; fileRef = DF9BAA19296376FF00C7584E /* FavouriteViewModel.swift */; };
		DF9BAA1C2963771200C7584E /* FavouriteViewModelProtocol.swift in Sources */ = {isa = PBXBuildFile; fileRef = DF9BAA1B2963771200C7584E /* FavouriteViewModelProtocol.swift */; };
		DF9BAA1E2963783700C7584E /* RealmProtocol.swift in Sources */ = {isa = PBXBuildFile; fileRef = DF9BAA1D2963783700C7584E /* RealmProtocol.swift */; };
		DFB46DB12967377A009973CF /* CustomTabBarVC.swift in Sources */ = {isa = PBXBuildFile; fileRef = DFB46DB02967377A009973CF /* CustomTabBarVC.swift */; };
		DFBC4C6C2958C3D5000586A3 /* DetailViewModel.swift in Sources */ = {isa = PBXBuildFile; fileRef = DFBC4C6B2958C3D5000586A3 /* DetailViewModel.swift */; };
		DFBC4C6E2958C3EA000586A3 /* DetailViewModelProtocol.swift in Sources */ = {isa = PBXBuildFile; fileRef = DFBC4C6D2958C3EA000586A3 /* DetailViewModelProtocol.swift */; };
		DFBC4C702958CB4F000586A3 /* MovieDetailModel.swift in Sources */ = {isa = PBXBuildFile; fileRef = DFBC4C6F2958CB4F000586A3 /* MovieDetailModel.swift */; };
		DFF07EAB2961FE7500AAD165 /* SearchTableViewCell.swift in Sources */ = {isa = PBXBuildFile; fileRef = DFF07EA92961FE7500AAD165 /* SearchTableViewCell.swift */; };
		DFF07EAC2961FE7500AAD165 /* SearchTableViewCell.xib in Resources */ = {isa = PBXBuildFile; fileRef = DFF07EAA2961FE7500AAD165 /* SearchTableViewCell.xib */; };
		DFF0F476296053DC00488F13 /* SearchViewController.swift in Sources */ = {isa = PBXBuildFile; fileRef = DFF0F475296053DC00488F13 /* SearchViewController.swift */; };
		DFF0F47D2960567200488F13 /* SearchViewModel.swift in Sources */ = {isa = PBXBuildFile; fileRef = DFF0F47C2960567200488F13 /* SearchViewModel.swift */; };
		DFF0F47F296056EC00488F13 /* SearchViewModelProtocol.swift in Sources */ = {isa = PBXBuildFile; fileRef = DFF0F47E296056EC00488F13 /* SearchViewModelProtocol.swift */; };
/* End PBXBuildFile section */

/* Begin PBXFileReference section */
		1421FFEF2AFE4CFC2A8D65A2 /* Pods_TechMovie.framework */ = {isa = PBXFileReference; explicitFileType = wrapper.framework; includeInIndex = 0; path = Pods_TechMovie.framework; sourceTree = BUILT_PRODUCTS_DIR; };
		442B65B7D5D867C981E3527B /* Pods-TechMovie.debug.xcconfig */ = {isa = PBXFileReference; includeInIndex = 1; lastKnownFileType = text.xcconfig; name = "Pods-TechMovie.debug.xcconfig"; path = "Target Support Files/Pods-TechMovie/Pods-TechMovie.debug.xcconfig"; sourceTree = "<group>"; };
		C584A102C04896E9002038AF /* Pods-TechMovie.release.xcconfig */ = {isa = PBXFileReference; includeInIndex = 1; lastKnownFileType = text.xcconfig; name = "Pods-TechMovie.release.xcconfig"; path = "Target Support Files/Pods-TechMovie/Pods-TechMovie.release.xcconfig"; sourceTree = "<group>"; };
		DF0C972A295895E900C73511 /* DetailViewController.swift */ = {isa = PBXFileReference; lastKnownFileType = sourcecode.swift; path = DetailViewController.swift; sourceTree = "<group>"; };
		DF1F45712952362500A1AF35 /* PopularCollectionViewCell.swift */ = {isa = PBXFileReference; lastKnownFileType = sourcecode.swift; path = PopularCollectionViewCell.swift; sourceTree = "<group>"; };
		DF1F45722952362500A1AF35 /* PopularCollectionViewCell.xib */ = {isa = PBXFileReference; lastKnownFileType = file.xib; path = PopularCollectionViewCell.xib; sourceTree = "<group>"; };
		DF1F457729523A9300A1AF35 /* UpcomingCollectionViewCell.swift */ = {isa = PBXFileReference; lastKnownFileType = sourcecode.swift; path = UpcomingCollectionViewCell.swift; sourceTree = "<group>"; };
		DF1F457829523A9300A1AF35 /* UpcomingCollectionViewCell.xib */ = {isa = PBXFileReference; lastKnownFileType = file.xib; path = UpcomingCollectionViewCell.xib; sourceTree = "<group>"; };
		DF1F457F2952400E00A1AF35 /* TopRatedCollectionViewCell.swift */ = {isa = PBXFileReference; lastKnownFileType = sourcecode.swift; path = TopRatedCollectionViewCell.swift; sourceTree = "<group>"; };
		DF1F45802952400E00A1AF35 /* TopRatedCollectionViewCell.xib */ = {isa = PBXFileReference; lastKnownFileType = file.xib; path = TopRatedCollectionViewCell.xib; sourceTree = "<group>"; };
		DF27ED64295A1CCB0025BC21 /* YoutubeSearchResponse.swift */ = {isa = PBXFileReference; lastKnownFileType = sourcecode.swift; path = YoutubeSearchResponse.swift; sourceTree = "<group>"; };
		DF501EF829689CD100A81043 /* TabBarVC.swift */ = {isa = PBXFileReference; lastKnownFileType = sourcecode.swift; path = TabBarVC.swift; sourceTree = "<group>"; };
		DF538EAF294F241F00B74E3A /* Service.swift */ = {isa = PBXFileReference; lastKnownFileType = sourcecode.swift; path = Service.swift; sourceTree = "<group>"; };
		DF538EB1294F261300B74E3A /* NetworkError.swift */ = {isa = PBXFileReference; lastKnownFileType = sourcecode.swift; path = NetworkError.swift; sourceTree = "<group>"; };
		DF538EB3294F266F00B74E3A /* ApiConstant.swift */ = {isa = PBXFileReference; lastKnownFileType = sourcecode.swift; path = ApiConstant.swift; sourceTree = "<group>"; };
		DF538EB5294F2C5C00B74E3A /* ServiceProtocol.swift */ = {isa = PBXFileReference; lastKnownFileType = sourcecode.swift; path = ServiceProtocol.swift; sourceTree = "<group>"; };
		DF538EB8294F2D1A00B74E3A /* HomeViewModel.swift */ = {isa = PBXFileReference; lastKnownFileType = sourcecode.swift; path = HomeViewModel.swift; sourceTree = "<group>"; };
		DF538EBB294F2E5A00B74E3A /* MovieModel.swift */ = {isa = PBXFileReference; lastKnownFileType = sourcecode.swift; path = MovieModel.swift; sourceTree = "<group>"; };
		DF538EBD294F2F4400B74E3A /* HomeViewModelProtocol.swift */ = {isa = PBXFileReference; lastKnownFileType = sourcecode.swift; path = HomeViewModelProtocol.swift; sourceTree = "<group>"; };
		DF5EA30C295CB3710007CC59 /* CastModel.swift */ = {isa = PBXFileReference; lastKnownFileType = sourcecode.swift; path = CastModel.swift; sourceTree = "<group>"; };
		DF5EA30F295CB5D40007CC59 /* CastCollectionViewCell.swift */ = {isa = PBXFileReference; lastKnownFileType = sourcecode.swift; path = CastCollectionViewCell.swift; sourceTree = "<group>"; };
		DF5EA310295CB5D40007CC59 /* CastCollectionViewCell.xib */ = {isa = PBXFileReference; lastKnownFileType = file.xib; path = CastCollectionViewCell.xib; sourceTree = "<group>"; };
		DF7CCEFC295F535200B7AF0B /* RecommendationCollectionViewCell.swift */ = {isa = PBXFileReference; lastKnownFileType = sourcecode.swift; path = RecommendationCollectionViewCell.swift; sourceTree = "<group>"; };
		DF7CCEFD295F535200B7AF0B /* RecommendationCollectionViewCell.xib */ = {isa = PBXFileReference; lastKnownFileType = file.xib; path = RecommendationCollectionViewCell.xib; sourceTree = "<group>"; };
		DF80D5F8294E2D4100755D66 /* TechMovie.app */ = {isa = PBXFileReference; explicitFileType = wrapper.application; includeInIndex = 0; path = TechMovie.app; sourceTree = BUILT_PRODUCTS_DIR; };
		DF80D5FB294E2D4100755D66 /* AppDelegate.swift */ = {isa = PBXFileReference; lastKnownFileType = sourcecode.swift; path = AppDelegate.swift; sourceTree = "<group>"; };
		DF80D5FD294E2D4100755D66 /* SceneDelegate.swift */ = {isa = PBXFileReference; lastKnownFileType = sourcecode.swift; path = SceneDelegate.swift; sourceTree = "<group>"; };
		DF80D5FF294E2D4100755D66 /* HomeViewController.swift */ = {isa = PBXFileReference; lastKnownFileType = sourcecode.swift; path = HomeViewController.swift; sourceTree = "<group>"; };
		DF80D602294E2D4100755D66 /* Base */ = {isa = PBXFileReference; lastKnownFileType = file.storyboard; name = Base; path = Base.lproj/Main.storyboard; sourceTree = "<group>"; };
		DF80D604294E2D4200755D66 /* Assets.xcassets */ = {isa = PBXFileReference; lastKnownFileType = folder.assetcatalog; path = Assets.xcassets; sourceTree = "<group>"; };
		DF80D607294E2D4200755D66 /* Base */ = {isa = PBXFileReference; lastKnownFileType = file.storyboard; name = Base; path = Base.lproj/LaunchScreen.storyboard; sourceTree = "<group>"; };
		DF80D609294E2D4200755D66 /* Info.plist */ = {isa = PBXFileReference; lastKnownFileType = text.plist.xml; path = Info.plist; sourceTree = "<group>"; };
		DF80D615294E392400755D66 /* DiscoverCollectionViewCell.swift */ = {isa = PBXFileReference; lastKnownFileType = sourcecode.swift; path = DiscoverCollectionViewCell.swift; sourceTree = "<group>"; };
		DF80D616294E392400755D66 /* DiscoverCollectionViewCell.xib */ = {isa = PBXFileReference; lastKnownFileType = file.xib; path = DiscoverCollectionViewCell.xib; sourceTree = "<group>"; };
		DF849D4C2964990800451D57 /* FavouriteCollectionViewCell.swift */ = {isa = PBXFileReference; lastKnownFileType = sourcecode.swift; path = FavouriteCollectionViewCell.swift; sourceTree = "<group>"; };
		DF849D4D2964990800451D57 /* FavouriteCollectionViewCell.xib */ = {isa = PBXFileReference; lastKnownFileType = file.xib; path = FavouriteCollectionViewCell.xib; sourceTree = "<group>"; };
		DF8668972965EC950014CF5B /* ViewExtension.swift */ = {isa = PBXFileReference; lastKnownFileType = sourcecode.swift; path = ViewExtension.swift; sourceTree = "<group>"; };
		DF9A346A2950D63A0053E24F /* TrendingCollectionViewCell.swift */ = {isa = PBXFileReference; lastKnownFileType = sourcecode.swift; path = TrendingCollectionViewCell.swift; sourceTree = "<group>"; };
		DF9A346B2950D63A0053E24F /* TrendingCollectionViewCell.xib */ = {isa = PBXFileReference; lastKnownFileType = file.xib; path = TrendingCollectionViewCell.xib; sourceTree = "<group>"; };
		DF9BAA1129634C7000C7584E /* RealmHelper.swift */ = {isa = PBXFileReference; lastKnownFileType = sourcecode.swift; path = RealmHelper.swift; sourceTree = "<group>"; };
		DF9BAA1329634D1700C7584E /* RealmData.swift */ = {isa = PBXFileReference; lastKnownFileType = sourcecode.swift; path = RealmData.swift; sourceTree = "<group>"; };
		DF9BAA16296376C700C7584E /* FavouriteViewController.swift */ = {isa = PBXFileReference; lastKnownFileType = sourcecode.swift; path = FavouriteViewController.swift; sourceTree = "<group>"; };
		DF9BAA19296376FF00C7584E /* FavouriteViewModel.swift */ = {isa = PBXFileReference; lastKnownFileType = sourcecode.swift; path = FavouriteViewModel.swift; sourceTree = "<group>"; };
		DF9BAA1B2963771200C7584E /* FavouriteViewModelProtocol.swift */ = {isa = PBXFileReference; lastKnownFileType = sourcecode.swift; path = FavouriteViewModelProtocol.swift; sourceTree = "<group>"; };
		DF9BAA1D2963783700C7584E /* RealmProtocol.swift */ = {isa = PBXFileReference; lastKnownFileType = sourcecode.swift; path = RealmProtocol.swift; sourceTree = "<group>"; };
		DFB46DB02967377A009973CF /* CustomTabBarVC.swift */ = {isa = PBXFileReference; lastKnownFileType = sourcecode.swift; path = CustomTabBarVC.swift; sourceTree = "<group>"; };
		DFBC4C6B2958C3D5000586A3 /* DetailViewModel.swift */ = {isa = PBXFileReference; lastKnownFileType = sourcecode.swift; path = DetailViewModel.swift; sourceTree = "<group>"; };
		DFBC4C6D2958C3EA000586A3 /* DetailViewModelProtocol.swift */ = {isa = PBXFileReference; lastKnownFileType = sourcecode.swift; path = DetailViewModelProtocol.swift; sourceTree = "<group>"; };
		DFBC4C6F2958CB4F000586A3 /* MovieDetailModel.swift */ = {isa = PBXFileReference; lastKnownFileType = sourcecode.swift; path = MovieDetailModel.swift; sourceTree = "<group>"; };
		DFF07EA92961FE7500AAD165 /* SearchTableViewCell.swift */ = {isa = PBXFileReference; lastKnownFileType = sourcecode.swift; path = SearchTableViewCell.swift; sourceTree = "<group>"; };
		DFF07EAA2961FE7500AAD165 /* SearchTableViewCell.xib */ = {isa = PBXFileReference; lastKnownFileType = file.xib; path = SearchTableViewCell.xib; sourceTree = "<group>"; };
		DFF0F475296053DC00488F13 /* SearchViewController.swift */ = {isa = PBXFileReference; lastKnownFileType = sourcecode.swift; path = SearchViewController.swift; sourceTree = "<group>"; };
		DFF0F47C2960567200488F13 /* SearchViewModel.swift */ = {isa = PBXFileReference; lastKnownFileType = sourcecode.swift; path = SearchViewModel.swift; sourceTree = "<group>"; };
		DFF0F47E296056EC00488F13 /* SearchViewModelProtocol.swift */ = {isa = PBXFileReference; lastKnownFileType = sourcecode.swift; path = SearchViewModelProtocol.swift; sourceTree = "<group>"; };
/* End PBXFileReference section */

/* Begin PBXFrameworksBuildPhase section */
		DF80D5F5294E2D4100755D66 /* Frameworks */ = {
			isa = PBXFrameworksBuildPhase;
			buildActionMask = 2147483647;
			files = (
				DF2573EE2966242200D14C9C /* RealmSwift in Frameworks */,
				DF2573EC2966242200D14C9C /* Realm in Frameworks */,
				2C2ED15651EB263BACBDBB34 /* Pods_TechMovie.framework in Frameworks */,
			);
			runOnlyForDeploymentPostprocessing = 0;
		};
/* End PBXFrameworksBuildPhase section */

/* Begin PBXGroup section */
		854ABEB165A5C357F152F2E4 /* Frameworks */ = {
			isa = PBXGroup;
			children = (
				1421FFEF2AFE4CFC2A8D65A2 /* Pods_TechMovie.framework */,
			);
			name = Frameworks;
			sourceTree = "<group>";
		};
		DF1F45832952442100A1AF35 /* CustomView */ = {
			isa = PBXGroup;
			children = (
				DFB46DAF29673738009973CF /* TabBarController */,
				DF1F45842952442D00A1AF35 /* Cells */,
			);
			path = CustomView;
			sourceTree = "<group>";
		};
		DF1F45842952442D00A1AF35 /* Cells */ = {
			isa = PBXGroup;
			children = (
				DF849D4B296498E100451D57 /* FavouriteCollectionViewCell */,
				DFF07EA42961F52300AAD165 /* SearchTableViewCell */,
				DF7CCEFB295F533500B7AF0B /* RecommendationCollectionView */,
				DF5EA30E295CB5810007CC59 /* CastCollectionViewCell */,
				DF1F458B295246A200A1AF35 /* TopRatedCollectionViewCell */,
				DF1F458A2952467700A1AF35 /* UpcomingCollectionViewCell */,
				DF1F45892952466000A1AF35 /* PopularCollectionViewCell */,
				DF1F45872952462000A1AF35 /* TrendingCollectionViewCell */,
				DF1F4586295245E000A1AF35 /* DiscoverCollectionViewCell */,
			);
			path = Cells;
			sourceTree = "<group>";
		};
		DF1F4586295245E000A1AF35 /* DiscoverCollectionViewCell */ = {
			isa = PBXGroup;
			children = (
				DF80D615294E392400755D66 /* DiscoverCollectionViewCell.swift */,
				DF80D616294E392400755D66 /* DiscoverCollectionViewCell.xib */,
			);
			path = DiscoverCollectionViewCell;
			sourceTree = "<group>";
		};
		DF1F45872952462000A1AF35 /* TrendingCollectionViewCell */ = {
			isa = PBXGroup;
			children = (
				DF9A346A2950D63A0053E24F /* TrendingCollectionViewCell.swift */,
				DF9A346B2950D63A0053E24F /* TrendingCollectionViewCell.xib */,
			);
			path = TrendingCollectionViewCell;
			sourceTree = "<group>";
		};
		DF1F45892952466000A1AF35 /* PopularCollectionViewCell */ = {
			isa = PBXGroup;
			children = (
				DF1F45712952362500A1AF35 /* PopularCollectionViewCell.swift */,
				DF1F45722952362500A1AF35 /* PopularCollectionViewCell.xib */,
			);
			path = PopularCollectionViewCell;
			sourceTree = "<group>";
		};
		DF1F458A2952467700A1AF35 /* UpcomingCollectionViewCell */ = {
			isa = PBXGroup;
			children = (
				DF1F457729523A9300A1AF35 /* UpcomingCollectionViewCell.swift */,
				DF1F457829523A9300A1AF35 /* UpcomingCollectionViewCell.xib */,
			);
			path = UpcomingCollectionViewCell;
			sourceTree = "<group>";
		};
		DF1F458B295246A200A1AF35 /* TopRatedCollectionViewCell */ = {
			isa = PBXGroup;
			children = (
				DF1F457F2952400E00A1AF35 /* TopRatedCollectionViewCell.swift */,
				DF1F45802952400E00A1AF35 /* TopRatedCollectionViewCell.xib */,
			);
			path = TopRatedCollectionViewCell;
			sourceTree = "<group>";
		};
		DF538EB7294F2D0800B74E3A /* ViewModel */ = {
			isa = PBXGroup;
			children = (
				DF9BAA18296376E600C7584E /* FavouriteViewModel */,
				DFF0F47B2960565900488F13 /* SearchViewModel */,
				DFBC4C6A2958C3BD000586A3 /* DetailViewModel */,
				DFBC4C672958C0F3000586A3 /* HomeViewModel */,
			);
			path = ViewModel;
			sourceTree = "<group>";
		};
		DF538EBA294F2E4200B74E3A /* Models */ = {
			isa = PBXGroup;
			children = (
				DF538EBB294F2E5A00B74E3A /* MovieModel.swift */,
				DFBC4C6F2958CB4F000586A3 /* MovieDetailModel.swift */,
				DF27ED64295A1CCB0025BC21 /* YoutubeSearchResponse.swift */,
				DF5EA30C295CB3710007CC59 /* CastModel.swift */,
				DF9BAA1329634D1700C7584E /* RealmData.swift */,
			);
			path = Models;
			sourceTree = "<group>";
		};
		DF538EBF294F4DA200B74E3A /* ViewControllers */ = {
			isa = PBXGroup;
			children = (
				DF80D5FF294E2D4100755D66 /* HomeViewController.swift */,
				DF0C972A295895E900C73511 /* DetailViewController.swift */,
				DFF0F475296053DC00488F13 /* SearchViewController.swift */,
				DF9BAA16296376C700C7584E /* FavouriteViewController.swift */,
			);
			path = ViewControllers;
			sourceTree = "<group>";
		};
		DF5EA30E295CB5810007CC59 /* CastCollectionViewCell */ = {
			isa = PBXGroup;
			children = (
				DF5EA30F295CB5D40007CC59 /* CastCollectionViewCell.swift */,
				DF5EA310295CB5D40007CC59 /* CastCollectionViewCell.xib */,
			);
			path = CastCollectionViewCell;
			sourceTree = "<group>";
		};
		DF7CCEFB295F533500B7AF0B /* RecommendationCollectionView */ = {
			isa = PBXGroup;
			children = (
				DF7CCEFC295F535200B7AF0B /* RecommendationCollectionViewCell.swift */,
				DF7CCEFD295F535200B7AF0B /* RecommendationCollectionViewCell.xib */,
			);
			path = RecommendationCollectionView;
			sourceTree = "<group>";
		};
		DF80D5EF294E2D4100755D66 = {
			isa = PBXGroup;
			children = (
				DF80D5FA294E2D4100755D66 /* TechMovie */,
				DF80D5F9294E2D4100755D66 /* Products */,
				E9584B00A400F83AD80BA5D5 /* Pods */,
				854ABEB165A5C357F152F2E4 /* Frameworks */,
			);
			sourceTree = "<group>";
		};
		DF80D5F9294E2D4100755D66 /* Products */ = {
			isa = PBXGroup;
			children = (
				DF80D5F8294E2D4100755D66 /* TechMovie.app */,
			);
			name = Products;
			sourceTree = "<group>";
		};
		DF80D5FA294E2D4100755D66 /* TechMovie */ = {
			isa = PBXGroup;
			children = (
				DF8668962965EC7E0014CF5B /* Extension */,
				DF9BAA1029634C6100C7584E /* RealmManager */,
				DF1F45832952442100A1AF35 /* CustomView */,
				DF538EBF294F4DA200B74E3A /* ViewControllers */,
				DF538EBA294F2E4200B74E3A /* Models */,
				DF538EB7294F2D0800B74E3A /* ViewModel */,
				DF80D619294E397E00755D66 /* Network */,
				DF80D5FB294E2D4100755D66 /* AppDelegate.swift */,
				DF80D5FD294E2D4100755D66 /* SceneDelegate.swift */,
				DF80D601294E2D4100755D66 /* Main.storyboard */,
				DF80D604294E2D4200755D66 /* Assets.xcassets */,
				DF80D606294E2D4200755D66 /* LaunchScreen.storyboard */,
				DF80D609294E2D4200755D66 /* Info.plist */,
			);
			path = TechMovie;
			sourceTree = "<group>";
		};
		DF80D619294E397E00755D66 /* Network */ = {
			isa = PBXGroup;
			children = (
				DF538EAF294F241F00B74E3A /* Service.swift */,
				DF538EB1294F261300B74E3A /* NetworkError.swift */,
				DF538EB3294F266F00B74E3A /* ApiConstant.swift */,
				DF538EB5294F2C5C00B74E3A /* ServiceProtocol.swift */,
			);
			path = Network;
			sourceTree = "<group>";
		};
		DF849D4B296498E100451D57 /* FavouriteCollectionViewCell */ = {
			isa = PBXGroup;
			children = (
				DF849D4C2964990800451D57 /* FavouriteCollectionViewCell.swift */,
				DF849D4D2964990800451D57 /* FavouriteCollectionViewCell.xib */,
			);
			path = FavouriteCollectionViewCell;
			sourceTree = "<group>";
		};
		DF8668962965EC7E0014CF5B /* Extension */ = {
			isa = PBXGroup;
			children = (
				DF8668972965EC950014CF5B /* ViewExtension.swift */,
			);
			path = Extension;
			sourceTree = "<group>";
		};
		DF9BAA1029634C6100C7584E /* RealmManager */ = {
			isa = PBXGroup;
			children = (
				DF9BAA1129634C7000C7584E /* RealmHelper.swift */,
				DF9BAA1D2963783700C7584E /* RealmProtocol.swift */,
			);
			path = RealmManager;
			sourceTree = "<group>";
		};
		DF9BAA18296376E600C7584E /* FavouriteViewModel */ = {
			isa = PBXGroup;
			children = (
				DF9BAA19296376FF00C7584E /* FavouriteViewModel.swift */,
				DF9BAA1B2963771200C7584E /* FavouriteViewModelProtocol.swift */,
			);
			path = FavouriteViewModel;
			sourceTree = "<group>";
		};
		DFB46DAF29673738009973CF /* TabBarController */ = {
			isa = PBXGroup;
			children = (
				DFB46DB02967377A009973CF /* CustomTabBarVC.swift */,
				DF501EF829689CD100A81043 /* TabBarVC.swift */,
			);
			path = TabBarController;
			sourceTree = "<group>";
		};
		DFBC4C672958C0F3000586A3 /* HomeViewModel */ = {
			isa = PBXGroup;
			children = (
				DF538EB8294F2D1A00B74E3A /* HomeViewModel.swift */,
				DF538EBD294F2F4400B74E3A /* HomeViewModelProtocol.swift */,
			);
			path = HomeViewModel;
			sourceTree = "<group>";
		};
		DFBC4C6A2958C3BD000586A3 /* DetailViewModel */ = {
			isa = PBXGroup;
			children = (
				DFBC4C6B2958C3D5000586A3 /* DetailViewModel.swift */,
				DFBC4C6D2958C3EA000586A3 /* DetailViewModelProtocol.swift */,
			);
			path = DetailViewModel;
			sourceTree = "<group>";
		};
		DFF07EA42961F52300AAD165 /* SearchTableViewCell */ = {
			isa = PBXGroup;
			children = (
				DFF07EA92961FE7500AAD165 /* SearchTableViewCell.swift */,
				DFF07EAA2961FE7500AAD165 /* SearchTableViewCell.xib */,
			);
			path = SearchTableViewCell;
			sourceTree = "<group>";
		};
		DFF0F47B2960565900488F13 /* SearchViewModel */ = {
			isa = PBXGroup;
			children = (
				DFF0F47C2960567200488F13 /* SearchViewModel.swift */,
				DFF0F47E296056EC00488F13 /* SearchViewModelProtocol.swift */,
			);
			path = SearchViewModel;
			sourceTree = "<group>";
		};
		E9584B00A400F83AD80BA5D5 /* Pods */ = {
			isa = PBXGroup;
			children = (
				442B65B7D5D867C981E3527B /* Pods-TechMovie.debug.xcconfig */,
				C584A102C04896E9002038AF /* Pods-TechMovie.release.xcconfig */,
			);
			path = Pods;
			sourceTree = "<group>";
		};
/* End PBXGroup section */

/* Begin PBXNativeTarget section */
		DF80D5F7294E2D4100755D66 /* TechMovie */ = {
			isa = PBXNativeTarget;
			buildConfigurationList = DF80D60C294E2D4200755D66 /* Build configuration list for PBXNativeTarget "TechMovie" */;
			buildPhases = (
				4B8694D8026E2A25CC8DFC4E /* [CP] Check Pods Manifest.lock */,
				DF80D5F4294E2D4100755D66 /* Sources */,
				DF80D5F5294E2D4100755D66 /* Frameworks */,
				DF80D5F6294E2D4100755D66 /* Resources */,
				83A6FCD3B7B06224CE411939 /* [CP] Embed Pods Frameworks */,
			);
			buildRules = (
			);
			dependencies = (
			);
			name = TechMovie;
			packageProductDependencies = (
				DF2573EB2966242200D14C9C /* Realm */,
				DF2573ED2966242200D14C9C /* RealmSwift */,
			);
			productName = TechMovie;
			productReference = DF80D5F8294E2D4100755D66 /* TechMovie.app */;
			productType = "com.apple.product-type.application";
		};
/* End PBXNativeTarget section */

/* Begin PBXProject section */
		DF80D5F0294E2D4100755D66 /* Project object */ = {
			isa = PBXProject;
			attributes = {
				BuildIndependentTargetsInParallel = 1;
				LastSwiftUpdateCheck = 1420;
				LastUpgradeCheck = 1420;
				TargetAttributes = {
					DF80D5F7294E2D4100755D66 = {
						CreatedOnToolsVersion = 14.2;
					};
				};
			};
			buildConfigurationList = DF80D5F3294E2D4100755D66 /* Build configuration list for PBXProject "TechMovie" */;
			compatibilityVersion = "Xcode 13.0";
			developmentRegion = en;
			hasScannedForEncodings = 0;
			knownRegions = (
				en,
				Base,
			);
			mainGroup = DF80D5EF294E2D4100755D66;
			packageReferences = (
				DF2573EA2966242200D14C9C /* XCRemoteSwiftPackageReference "realm-swift" */,
			);
			productRefGroup = DF80D5F9294E2D4100755D66 /* Products */;
			projectDirPath = "";
			projectRoot = "";
			targets = (
				DF80D5F7294E2D4100755D66 /* TechMovie */,
			);
		};
/* End PBXProject section */

/* Begin PBXResourcesBuildPhase section */
		DF80D5F6294E2D4100755D66 /* Resources */ = {
			isa = PBXResourcesBuildPhase;
			buildActionMask = 2147483647;
			files = (
				DF1F457A29523A9300A1AF35 /* UpcomingCollectionViewCell.xib in Resources */,
				DF80D618294E392400755D66 /* DiscoverCollectionViewCell.xib in Resources */,
				DF7CCEFF295F535200B7AF0B /* RecommendationCollectionViewCell.xib in Resources */,
				DF1F45742952362500A1AF35 /* PopularCollectionViewCell.xib in Resources */,
				DF9A346D2950D63A0053E24F /* TrendingCollectionViewCell.xib in Resources */,
				DFF07EAC2961FE7500AAD165 /* SearchTableViewCell.xib in Resources */,
				DF1F45822952400E00A1AF35 /* TopRatedCollectionViewCell.xib in Resources */,
				DF5EA312295CB5D40007CC59 /* CastCollectionViewCell.xib in Resources */,
				DF849D4F2964990800451D57 /* FavouriteCollectionViewCell.xib in Resources */,
				DF80D608294E2D4200755D66 /* LaunchScreen.storyboard in Resources */,
				DF80D605294E2D4200755D66 /* Assets.xcassets in Resources */,
				DF80D603294E2D4100755D66 /* Main.storyboard in Resources */,
			);
			runOnlyForDeploymentPostprocessing = 0;
		};
/* End PBXResourcesBuildPhase section */

/* Begin PBXShellScriptBuildPhase section */
		4B8694D8026E2A25CC8DFC4E /* [CP] Check Pods Manifest.lock */ = {
			isa = PBXShellScriptBuildPhase;
			buildActionMask = 2147483647;
			files = (
			);
			inputFileListPaths = (
			);
			inputPaths = (
				"${PODS_PODFILE_DIR_PATH}/Podfile.lock",
				"${PODS_ROOT}/Manifest.lock",
			);
			name = "[CP] Check Pods Manifest.lock";
			outputFileListPaths = (
			);
			outputPaths = (
				"$(DERIVED_FILE_DIR)/Pods-TechMovie-checkManifestLockResult.txt",
			);
			runOnlyForDeploymentPostprocessing = 0;
			shellPath = /bin/sh;
			shellScript = "diff \"${PODS_PODFILE_DIR_PATH}/Podfile.lock\" \"${PODS_ROOT}/Manifest.lock\" > /dev/null\nif [ $? != 0 ] ; then\n    # print error to STDERR\n    echo \"error: The sandbox is not in sync with the Podfile.lock. Run 'pod install' or update your CocoaPods installation.\" >&2\n    exit 1\nfi\n# This output is used by Xcode 'outputs' to avoid re-running this script phase.\necho \"SUCCESS\" > \"${SCRIPT_OUTPUT_FILE_0}\"\n";
			showEnvVarsInLog = 0;
		};
		83A6FCD3B7B06224CE411939 /* [CP] Embed Pods Frameworks */ = {
			isa = PBXShellScriptBuildPhase;
			buildActionMask = 2147483647;
			files = (
			);
			inputFileListPaths = (
				"${PODS_ROOT}/Target Support Files/Pods-TechMovie/Pods-TechMovie-frameworks-${CONFIGURATION}-input-files.xcfilelist",
			);
			name = "[CP] Embed Pods Frameworks";
			outputFileListPaths = (
				"${PODS_ROOT}/Target Support Files/Pods-TechMovie/Pods-TechMovie-frameworks-${CONFIGURATION}-output-files.xcfilelist",
			);
			runOnlyForDeploymentPostprocessing = 0;
			shellPath = /bin/sh;
			shellScript = "\"${PODS_ROOT}/Target Support Files/Pods-TechMovie/Pods-TechMovie-frameworks.sh\"\n";
			showEnvVarsInLog = 0;
		};
/* End PBXShellScriptBuildPhase section */

/* Begin PBXSourcesBuildPhase section */
		DF80D5F4294E2D4100755D66 /* Sources */ = {
			isa = PBXSourcesBuildPhase;
			buildActionMask = 2147483647;
			files = (
				DF80D617294E392400755D66 /* DiscoverCollectionViewCell.swift in Sources */,
				DF538EB9294F2D1A00B74E3A /* HomeViewModel.swift in Sources */,
				DF9A346C2950D63A0053E24F /* TrendingCollectionViewCell.swift in Sources */,
				DF501EF929689CD100A81043 /* TabBarVC.swift in Sources */,
				DF9BAA1229634C7000C7584E /* RealmHelper.swift in Sources */,
				DF9BAA1E2963783700C7584E /* RealmProtocol.swift in Sources */,
				DF1F45732952362500A1AF35 /* PopularCollectionViewCell.swift in Sources */,
				DF7CCEFE295F535200B7AF0B /* RecommendationCollectionViewCell.swift in Sources */,
				DFBC4C6E2958C3EA000586A3 /* DetailViewModelProtocol.swift in Sources */,
				DF538EBC294F2E5A00B74E3A /* MovieModel.swift in Sources */,
				DF538EB4294F266F00B74E3A /* ApiConstant.swift in Sources */,
				DFBC4C6C2958C3D5000586A3 /* DetailViewModel.swift in Sources */,
				DF9BAA1A296376FF00C7584E /* FavouriteViewModel.swift in Sources */,
				DFF07EAB2961FE7500AAD165 /* SearchTableViewCell.swift in Sources */,
				DF80D600294E2D4100755D66 /* HomeViewController.swift in Sources */,
				DF5EA311295CB5D40007CC59 /* CastCollectionViewCell.swift in Sources */,
				DF538EB6294F2C5C00B74E3A /* ServiceProtocol.swift in Sources */,
				DF849D4E2964990800451D57 /* FavouriteCollectionViewCell.swift in Sources */,
				DF0C972B295895E900C73511 /* DetailViewController.swift in Sources */,
				DF27ED65295A1CCB0025BC21 /* YoutubeSearchResponse.swift in Sources */,
				DF9BAA1429634D1700C7584E /* RealmData.swift in Sources */,
				DF1F457929523A9300A1AF35 /* UpcomingCollectionViewCell.swift in Sources */,
				DFB46DB12967377A009973CF /* CustomTabBarVC.swift in Sources */,
				DFF0F47F296056EC00488F13 /* SearchViewModelProtocol.swift in Sources */,
				DFBC4C702958CB4F000586A3 /* MovieDetailModel.swift in Sources */,
				DF1F45812952400E00A1AF35 /* TopRatedCollectionViewCell.swift in Sources */,
				DF8668982965EC950014CF5B /* ViewExtension.swift in Sources */,
				DF538EB0294F241F00B74E3A /* Service.swift in Sources */,
				DFF0F47D2960567200488F13 /* SearchViewModel.swift in Sources */,
				DFF0F476296053DC00488F13 /* SearchViewController.swift in Sources */,
				DF538EBE294F2F4400B74E3A /* HomeViewModelProtocol.swift in Sources */,
				DF5EA30D295CB3710007CC59 /* CastModel.swift in Sources */,
				DF538EB2294F261300B74E3A /* NetworkError.swift in Sources */,
				DF9BAA1C2963771200C7584E /* FavouriteViewModelProtocol.swift in Sources */,
				DF80D5FC294E2D4100755D66 /* AppDelegate.swift in Sources */,
				DF9BAA17296376C700C7584E /* FavouriteViewController.swift in Sources */,
				DF80D5FE294E2D4100755D66 /* SceneDelegate.swift in Sources */,
			);
			runOnlyForDeploymentPostprocessing = 0;
		};
/* End PBXSourcesBuildPhase section */

/* Begin PBXVariantGroup section */
		DF80D601294E2D4100755D66 /* Main.storyboard */ = {
			isa = PBXVariantGroup;
			children = (
				DF80D602294E2D4100755D66 /* Base */,
			);
			name = Main.storyboard;
			sourceTree = "<group>";
		};
		DF80D606294E2D4200755D66 /* LaunchScreen.storyboard */ = {
			isa = PBXVariantGroup;
			children = (
				DF80D607294E2D4200755D66 /* Base */,
			);
			name = LaunchScreen.storyboard;
			sourceTree = "<group>";
		};
/* End PBXVariantGroup section */

/* Begin XCBuildConfiguration section */
		DF80D60A294E2D4200755D66 /* Debug */ = {
			isa = XCBuildConfiguration;
			buildSettings = {
				ALWAYS_SEARCH_USER_PATHS = NO;
				CLANG_ANALYZER_NONNULL = YES;
				CLANG_ANALYZER_NUMBER_OBJECT_CONVERSION = YES_AGGRESSIVE;
				CLANG_CXX_LANGUAGE_STANDARD = "gnu++20";
				CLANG_ENABLE_MODULES = YES;
				CLANG_ENABLE_OBJC_ARC = YES;
				CLANG_ENABLE_OBJC_WEAK = YES;
				CLANG_WARN_BLOCK_CAPTURE_AUTORELEASING = YES;
				CLANG_WARN_BOOL_CONVERSION = YES;
				CLANG_WARN_COMMA = YES;
				CLANG_WARN_CONSTANT_CONVERSION = YES;
				CLANG_WARN_DEPRECATED_OBJC_IMPLEMENTATIONS = YES;
				CLANG_WARN_DIRECT_OBJC_ISA_USAGE = YES_ERROR;
				CLANG_WARN_DOCUMENTATION_COMMENTS = YES;
				CLANG_WARN_EMPTY_BODY = YES;
				CLANG_WARN_ENUM_CONVERSION = YES;
				CLANG_WARN_INFINITE_RECURSION = YES;
				CLANG_WARN_INT_CONVERSION = YES;
				CLANG_WARN_NON_LITERAL_NULL_CONVERSION = YES;
				CLANG_WARN_OBJC_IMPLICIT_RETAIN_SELF = YES;
				CLANG_WARN_OBJC_LITERAL_CONVERSION = YES;
				CLANG_WARN_OBJC_ROOT_CLASS = YES_ERROR;
				CLANG_WARN_QUOTED_INCLUDE_IN_FRAMEWORK_HEADER = YES;
				CLANG_WARN_RANGE_LOOP_ANALYSIS = YES;
				CLANG_WARN_STRICT_PROTOTYPES = YES;
				CLANG_WARN_SUSPICIOUS_MOVE = YES;
				CLANG_WARN_UNGUARDED_AVAILABILITY = YES_AGGRESSIVE;
				CLANG_WARN_UNREACHABLE_CODE = YES;
				CLANG_WARN__DUPLICATE_METHOD_MATCH = YES;
				COPY_PHASE_STRIP = NO;
				DEBUG_INFORMATION_FORMAT = dwarf;
				ENABLE_STRICT_OBJC_MSGSEND = YES;
				ENABLE_TESTABILITY = YES;
				GCC_C_LANGUAGE_STANDARD = gnu11;
				GCC_DYNAMIC_NO_PIC = NO;
				GCC_NO_COMMON_BLOCKS = YES;
				GCC_OPTIMIZATION_LEVEL = 0;
				GCC_PREPROCESSOR_DEFINITIONS = (
					"DEBUG=1",
					"$(inherited)",
				);
				GCC_WARN_64_TO_32_BIT_CONVERSION = YES;
				GCC_WARN_ABOUT_RETURN_TYPE = YES_ERROR;
				GCC_WARN_UNDECLARED_SELECTOR = YES;
				GCC_WARN_UNINITIALIZED_AUTOS = YES_AGGRESSIVE;
				GCC_WARN_UNUSED_FUNCTION = YES;
				GCC_WARN_UNUSED_VARIABLE = YES;
				IPHONEOS_DEPLOYMENT_TARGET = 16.2;
				MTL_ENABLE_DEBUG_INFO = INCLUDE_SOURCE;
				MTL_FAST_MATH = YES;
				ONLY_ACTIVE_ARCH = YES;
				SDKROOT = iphoneos;
				SWIFT_ACTIVE_COMPILATION_CONDITIONS = DEBUG;
				SWIFT_OPTIMIZATION_LEVEL = "-Onone";
			};
			name = Debug;
		};
		DF80D60B294E2D4200755D66 /* Release */ = {
			isa = XCBuildConfiguration;
			buildSettings = {
				ALWAYS_SEARCH_USER_PATHS = NO;
				CLANG_ANALYZER_NONNULL = YES;
				CLANG_ANALYZER_NUMBER_OBJECT_CONVERSION = YES_AGGRESSIVE;
				CLANG_CXX_LANGUAGE_STANDARD = "gnu++20";
				CLANG_ENABLE_MODULES = YES;
				CLANG_ENABLE_OBJC_ARC = YES;
				CLANG_ENABLE_OBJC_WEAK = YES;
				CLANG_WARN_BLOCK_CAPTURE_AUTORELEASING = YES;
				CLANG_WARN_BOOL_CONVERSION = YES;
				CLANG_WARN_COMMA = YES;
				CLANG_WARN_CONSTANT_CONVERSION = YES;
				CLANG_WARN_DEPRECATED_OBJC_IMPLEMENTATIONS = YES;
				CLANG_WARN_DIRECT_OBJC_ISA_USAGE = YES_ERROR;
				CLANG_WARN_DOCUMENTATION_COMMENTS = YES;
				CLANG_WARN_EMPTY_BODY = YES;
				CLANG_WARN_ENUM_CONVERSION = YES;
				CLANG_WARN_INFINITE_RECURSION = YES;
				CLANG_WARN_INT_CONVERSION = YES;
				CLANG_WARN_NON_LITERAL_NULL_CONVERSION = YES;
				CLANG_WARN_OBJC_IMPLICIT_RETAIN_SELF = YES;
				CLANG_WARN_OBJC_LITERAL_CONVERSION = YES;
				CLANG_WARN_OBJC_ROOT_CLASS = YES_ERROR;
				CLANG_WARN_QUOTED_INCLUDE_IN_FRAMEWORK_HEADER = YES;
				CLANG_WARN_RANGE_LOOP_ANALYSIS = YES;
				CLANG_WARN_STRICT_PROTOTYPES = YES;
				CLANG_WARN_SUSPICIOUS_MOVE = YES;
				CLANG_WARN_UNGUARDED_AVAILABILITY = YES_AGGRESSIVE;
				CLANG_WARN_UNREACHABLE_CODE = YES;
				CLANG_WARN__DUPLICATE_METHOD_MATCH = YES;
				COPY_PHASE_STRIP = NO;
				DEBUG_INFORMATION_FORMAT = "dwarf-with-dsym";
				ENABLE_NS_ASSERTIONS = NO;
				ENABLE_STRICT_OBJC_MSGSEND = YES;
				GCC_C_LANGUAGE_STANDARD = gnu11;
				GCC_NO_COMMON_BLOCKS = YES;
				GCC_WARN_64_TO_32_BIT_CONVERSION = YES;
				GCC_WARN_ABOUT_RETURN_TYPE = YES_ERROR;
				GCC_WARN_UNDECLARED_SELECTOR = YES;
				GCC_WARN_UNINITIALIZED_AUTOS = YES_AGGRESSIVE;
				GCC_WARN_UNUSED_FUNCTION = YES;
				GCC_WARN_UNUSED_VARIABLE = YES;
				IPHONEOS_DEPLOYMENT_TARGET = 16.2;
				MTL_ENABLE_DEBUG_INFO = NO;
				MTL_FAST_MATH = YES;
				SDKROOT = iphoneos;
				SWIFT_COMPILATION_MODE = wholemodule;
				SWIFT_OPTIMIZATION_LEVEL = "-O";
				VALIDATE_PRODUCT = YES;
			};
			name = Release;
		};
		DF80D60D294E2D4200755D66 /* Debug */ = {
			isa = XCBuildConfiguration;
			baseConfigurationReference = 442B65B7D5D867C981E3527B /* Pods-TechMovie.debug.xcconfig */;
			buildSettings = {
				ASSETCATALOG_COMPILER_APPICON_NAME = AppIcon;
				ASSETCATALOG_COMPILER_GLOBAL_ACCENT_COLOR_NAME = AccentColor;
				CODE_SIGN_STYLE = Automatic;
				CURRENT_PROJECT_VERSION = 1;
				GENERATE_INFOPLIST_FILE = YES;
				INFOPLIST_FILE = TechMovie/Info.plist;
				INFOPLIST_KEY_UIApplicationSupportsIndirectInputEvents = YES;
				INFOPLIST_KEY_UILaunchStoryboardName = LaunchScreen;
				INFOPLIST_KEY_UIMainStoryboardFile = Main;
				INFOPLIST_KEY_UISupportedInterfaceOrientations_iPad = "UIInterfaceOrientationPortrait UIInterfaceOrientationPortraitUpsideDown UIInterfaceOrientationLandscapeLeft UIInterfaceOrientationLandscapeRight";
				INFOPLIST_KEY_UISupportedInterfaceOrientations_iPhone = "UIInterfaceOrientationPortrait UIInterfaceOrientationLandscapeLeft UIInterfaceOrientationLandscapeRight";
				LD_RUNPATH_SEARCH_PATHS = (
					"$(inherited)",
					"@executable_path/Frameworks",
				);
				MARKETING_VERSION = 1.0;
				PRODUCT_BUNDLE_IDENTIFIER = furkanaysavki.TechMovie;
				PRODUCT_NAME = "$(TARGET_NAME)";
				SWIFT_EMIT_LOC_STRINGS = YES;
				SWIFT_VERSION = 5.0;
				TARGETED_DEVICE_FAMILY = "1,2";
			};
			name = Debug;
		};
		DF80D60E294E2D4200755D66 /* Release */ = {
			isa = XCBuildConfiguration;
			baseConfigurationReference = C584A102C04896E9002038AF /* Pods-TechMovie.release.xcconfig */;
			buildSettings = {
				ASSETCATALOG_COMPILER_APPICON_NAME = AppIcon;
				ASSETCATALOG_COMPILER_GLOBAL_ACCENT_COLOR_NAME = AccentColor;
				CODE_SIGN_STYLE = Automatic;
				CURRENT_PROJECT_VERSION = 1;
				GENERATE_INFOPLIST_FILE = YES;
				INFOPLIST_FILE = TechMovie/Info.plist;
				INFOPLIST_KEY_UIApplicationSupportsIndirectInputEvents = YES;
				INFOPLIST_KEY_UILaunchStoryboardName = LaunchScreen;
				INFOPLIST_KEY_UIMainStoryboardFile = Main;
				INFOPLIST_KEY_UISupportedInterfaceOrientations_iPad = "UIInterfaceOrientationPortrait UIInterfaceOrientationPortraitUpsideDown UIInterfaceOrientationLandscapeLeft UIInterfaceOrientationLandscapeRight";
				INFOPLIST_KEY_UISupportedInterfaceOrientations_iPhone = "UIInterfaceOrientationPortrait UIInterfaceOrientationLandscapeLeft UIInterfaceOrientationLandscapeRight";
				LD_RUNPATH_SEARCH_PATHS = (
					"$(inherited)",
					"@executable_path/Frameworks",
				);
				MARKETING_VERSION = 1.0;
				PRODUCT_BUNDLE_IDENTIFIER = furkanaysavki.TechMovie;
				PRODUCT_NAME = "$(TARGET_NAME)";
				SWIFT_EMIT_LOC_STRINGS = YES;
				SWIFT_VERSION = 5.0;
				TARGETED_DEVICE_FAMILY = "1,2";
			};
			name = Release;
		};
/* End XCBuildConfiguration section */

/* Begin XCConfigurationList section */
		DF80D5F3294E2D4100755D66 /* Build configuration list for PBXProject "TechMovie" */ = {
			isa = XCConfigurationList;
			buildConfigurations = (
				DF80D60A294E2D4200755D66 /* Debug */,
				DF80D60B294E2D4200755D66 /* Release */,
			);
			defaultConfigurationIsVisible = 0;
			defaultConfigurationName = Release;
		};
		DF80D60C294E2D4200755D66 /* Build configuration list for PBXNativeTarget "TechMovie" */ = {
			isa = XCConfigurationList;
			buildConfigurations = (
				DF80D60D294E2D4200755D66 /* Debug */,
				DF80D60E294E2D4200755D66 /* Release */,
			);
			defaultConfigurationIsVisible = 0;
			defaultConfigurationName = Release;
		};
/* End XCConfigurationList section */

/* Begin XCRemoteSwiftPackageReference section */
		DF2573EA2966242200D14C9C /* XCRemoteSwiftPackageReference "realm-swift" */ = {
			isa = XCRemoteSwiftPackageReference;
			repositoryURL = "https://github.com/realm/realm-swift.git";
			requirement = {
				branch = master;
				kind = branch;
			};
		};
/* End XCRemoteSwiftPackageReference section */

/* Begin XCSwiftPackageProductDependency section */
		DF2573EB2966242200D14C9C /* Realm */ = {
			isa = XCSwiftPackageProductDependency;
			package = DF2573EA2966242200D14C9C /* XCRemoteSwiftPackageReference "realm-swift" */;
			productName = Realm;
		};
		DF2573ED2966242200D14C9C /* RealmSwift */ = {
			isa = XCSwiftPackageProductDependency;
			package = DF2573EA2966242200D14C9C /* XCRemoteSwiftPackageReference "realm-swift" */;
			productName = RealmSwift;
		};
/* End XCSwiftPackageProductDependency section */
	};
	rootObject = DF80D5F0294E2D4100755D66 /* Project object */;
}
